{
  "nodes": {
    "brew-src": {
      "flake": false,
      "locked": {
        "lastModified": 1778146321,
        "narHash": "sha256-HeBwuJmuBioZHyZqDOcf7W/xsMFupSD583v6I5Cl7a8=",
        "owner": "Homebrew",
        "repo": "brew",
        "rev": "af835384ac574f76025adb38b292b04cecee1f1f",
        "type": "github"
      },
      "original": {
        "owner": "Homebrew",
        "ref": "5.1.10",
        "repo": "brew",
        "type": "github"
      }
    },
    "darwin": {
      "inputs": {
        "nixpkgs": [
          "nixpkgs"
        ]
      },
      "locked": {
        "lastModified": 1781761792,
        "narHash": "sha256-rCPytmKNjctLloB6UgK5CRrHSwV4b0ygxtJLPPp8R14=",
        "owner": "nix-darwin",
        "repo": "nix-darwin",
        "rev": "a1fa429e945becaf60468600daf649be4ba0350c",
        "type": "github"
      },
      "original": {
        "owner": "nix-darwin",
        "ref": "master",
        "repo": "nix-darwin",
        "type": "github"
      }
    },
    "home-manager": {
      "inputs": {
        "nixpkgs": [
          "nixpkgs"
        ]
      },
      "locked": {
        "lastModified": 1782702263,
        "narHash": "sha256-8/MG4Su7PhnynrmsVO61IeAfrK7GuUEu+E+gwbhy1QQ=",
        "owner": "nix-community",
        "repo": "home-manager",
        "rev": "789a35fbdeb3c46b260096daa0b321c11be527ea",
        "type": "github"
      },
      "original": {
        "owner": "nix-community",
        "ref": "master",
        "repo": "home-manager",
        "type": "github"
      }
    },
    "homebrew-bundle": {
      "flake": false,
      "locked": {
        "lastModified": 1745335228,
        "narHash": "sha256-TIKR2UgtyUmHLNZp255/vLs+1I10hXe+sciMEbAGFwE=",
        "owner": "homebrew",
        "repo": "homebrew-bundle",
        "rev": "a3265c84b232e13048ecbf6fc18a2eedfadbeb08",
        "type": "github"
      },
      "original": {
        "owner": "homebrew",
        "repo": "homebrew-bundle",
        "type": "github"
      }
    },
    "homebrew-cask": {
      "flake": false,
      "locked": {
        "lastModified": 1782726794,
        "narHash": "sha256-gNXgKTD3adqqYZENBGRibFuuKyXG3tHQe2pR9eirVzM=",
        "owner": "homebrew",
        "repo": "homebrew-cask",
        "rev": "e1e248a23e91d95600f3ff2dd39dbbe54c4781e7",
        "type": "github"
      },
      "original": {
        "owner": "homebrew",
        "repo": "homebrew-cask",
        "type": "github"
      }
    },
    "homebrew-core": {
      "flake": false,
      "locked": {
        "lastModified": 1782730916,
        "narHash": "sha256-QbiFT1EDqR6e6UCyKKU6awtAyJf6O3W6iIMo3qb817A=",
        "owner": "homebrew",
        "repo": "homebrew-core",
        "rev": "0a8df0aa75712f5a28a46ed0fd98d662cdd75b6d",
        "type": "github"
      },
      "original": {
        "owner": "homebrew",
        "repo": "homebrew-core",
        "type": "github"
      }
    },
    "nix-homebrew": {
      "inputs": {
        "brew-src": "brew-src"
      },
      "locked": {
        "lastModified": 1781389246,
        "narHash": "sha256-ORqLAo/hoJdsZC7UPAuEHev6S0+XIqKEC7vjo5prz1k=",
        "owner": "zhaofengli",
        "repo": "nix-homebrew",
        "rev": "de7953a08ed4bb9245be043e468561c17b89130d",
        "type": "github"
      },
      "original": {
        "owner": "zhaofengli",
        "repo": "nix-homebrew",
        "type": "github"
      }
    },
    "nixpkgs": {
      "locked": {
        "lastModified": 1782636521,
        "narHash": "sha256-OG8laCOGtkxlB1JH3XqOnXxnkGJme4mQdXo5hkhCQIY=",
        "owner": "nixos",
        "repo": "nixpkgs",
        "rev": "e1c1b84752fb0897897380a3cae9dc7fcab91ca3",
        "type": "github"
      },
      "original": {
        "owner": "nixos",
        "ref": "nixpkgs-unstable",
        "repo": "nixpkgs",
        "type": "github"
      }
    },
    "nvim-config": {
      "flake": false,
      "locked": {
        "lastModified": 1779258905,
        "narHash": "sha256-TXIh15EXxDa+5Cdl/36zNfdJs6xfAEz+5Cq9wL4fZQ8=",
        "owner": "thomas-maurice",
        "repo": "nvim-config",
        "rev": "bcbf9e19d2a0bcf7e1acc357c6f5fdb54f9e5013",
        "type": "github"
      },
      "original": {
        "owner": "thomas-maurice",
        "repo": "nvim-config",
        "type": "github"
      }
    },
    "root": {
      "inputs": {
        "darwin": "darwin",
        "home-manager": "home-manager",
        "homebrew-bundle": "homebrew-bundle",
        "homebrew-cask": "homebrew-cask",
        "homebrew-core": "homebrew-core",
        "nix-homebrew": "nix-homebrew",
        "nixpkgs": "nixpkgs",
        "nvim-config": "nvim-config"
      }
    }
  },
  "root": "root",
  "version": 7
}
